
Microsoft Visual Studio Solution File, Format Version 12.00
# Visual Studio Version 17
VisualStudioVersion = 17.0.31903.59
MinimumVisualStudioVersion = 10.0.40219.1
Project("{2150E333-8FDC-42A3-9474-1A3956D46DE8}") = "src", "src", "{827E0CD3-B72D-47B6-A68D-7590B98EB39B}"
EndProject
Project("{2150E333-8FDC-42A3-9474-1A3956D46DE8}") = "Services", "Services", "{984BB9B3-3FA3-BE33-9484-CAC21695A33C}"
EndProject
Project("{2150E333-8FDC-42A3-9474-1A3956D46DE8}") = "EventProducer", "EventProducer", "{32AAED77-A074-9FC3-4987-2ADB1F972684}"
EndProject
Project("{FAE04EC0-301F-11D3-BF4B-00C04F79EFBC}") = "EventProducer", "src\Services\EventProducer\EventProducer\EventProducer.csproj", "{D29D5E38-4F3E-4635-90F3-6E4BA9664CBA}"
EndProject
Project("{2150E333-8FDC-42A3-9474-1A3956D46DE8}") = "EventConsumer", "EventConsumer", "{3524C3A5-E66F-A10F-90B3-076AB96407CE}"
EndProject
Project("{FAE04EC0-301F-11D3-BF4B-00C04F79EFBC}") = "EventConsumer", "src\Services\EventConsumer\EventConsumer\EventConsumer.csproj", "{7EC29772-FEE8-4948-A8DC-DB558D1ED4EC}"
EndProject
Project("{2150E333-8FDC-42A3-9474-1A3956D46DE8}") = "ApiGateway", "ApiGateway", "{5B507712-3810-9028-8BC0-B14FC678DCAC}"
EndProject
Project("{FAE04EC0-301F-11D3-BF4B-00C04F79EFBC}") = "ApiGateway", "src\Services\ApiGateway\ApiGateway\ApiGateway.csproj", "{1FEC8575-DC9F-46DB-A689-22A8C38D3579}"
EndProject
Project("{2150E333-8FDC-42A3-9474-1A3956D46DE8}") = "Shared", "Shared", "{C8E42992-5E42-0C2B-DBFE-AA848D06431C}"
EndProject
Project("{2150E333-8FDC-42A3-9474-1A3956D46DE8}") = "Models", "Models", "{08B98848-80E7-0116-D853-84675B4AED72}"
EndProject
Project("{FAE04EC0-301F-11D3-BF4B-00C04F79EFBC}") = "Models", "src\Shared\Models\Models\Models.csproj", "{67D6FD9E-73E9-40F2-804B-E1CF7BAE8577}"
EndProject
Global
	GlobalSection(SolutionConfigurationPlatforms) = preSolution
		Debug|Any CPU = Debug|Any CPU
		Debug|x64 = Debug|x64
		Debug|x86 = Debug|x86
		Release|Any CPU = Release|Any CPU
		Release|x64 = Release|x64
		Release|x86 = Release|x86
	EndGlobalSection
	GlobalSection(ProjectConfigurationPlatforms) = postSolution
		{D29D5E38-4F3E-4635-90F3-6E4BA9664CBA}.Debug|Any CPU.ActiveCfg = Debug|Any CPU
		{D29D5E38-4F3E-4635-90F3-6E4BA9664CBA}.Debug|Any CPU.Build.0 = Debug|Any CPU
		{D29D5E38-4F3E-4635-90F3-6E4BA9664CBA}.Debug|x64.ActiveCfg = Debug|Any CPU
		{D29D5E38-4F3E-4635-90F3-6E4BA9664CBA}.Debug|x64.Build.0 = Debug|Any CPU
		{D29D5E38-4F3E-4635-90F3-6E4BA9664CBA}.Debug|x86.ActiveCfg = Debug|Any CPU
		{D29D5E38-4F3E-4635-90F3-6E4BA9664CBA}.Debug|x86.Build.0 = Debug|Any CPU
		{D29D5E38-4F3E-4635-90F3-6E4BA9664CBA}.Release|Any CPU.ActiveCfg = Release|Any CPU
		{D29D5E38-4F3E-4635-90F3-6E4BA9664CBA}.Release|Any CPU.Build.0 = Release|Any CPU
		{D29D5E38-4F3E-4635-90F3-6E4BA9664CBA}.Release|x64.ActiveCfg = Release|Any CPU
		{D29D5E38-4F3E-4635-90F3-6E4BA9664CBA}.Release|x64.Build.0 = Release|Any CPU
		{D29D5E38-4F3E-4635-90F3-6E4BA9664CBA}.Release|x86.ActiveCfg = Release|Any CPU
		{D29D5E38-4F3E-4635-90F3-6E4BA9664CBA}.Release|x86.Build.0 = Release|Any CPU
		{7EC29772-FEE8-4948-A8DC-DB558D1ED4EC}.Debug|Any CPU.ActiveCfg = Debug|Any CPU
		{7EC29772-FEE8-4948-A8DC-DB558D1ED4EC}.Debug|Any CPU.Build.0 = Debug|Any CPU
		{7EC29772-FEE8-4948-A8DC-DB558D1ED4EC}.Debug|x64.ActiveCfg = Debug|Any CPU
		{7EC29772-FEE8-4948-A8DC-DB558D1ED4EC}.Debug|x64.Build.0 = Debug|Any CPU
		{7EC29772-FEE8-4948-A8DC-DB558D1ED4EC}.Debug|x86.ActiveCfg = Debug|Any CPU
		{7EC29772-FEE8-4948-A8DC-DB558D1ED4EC}.Debug|x86.Build.0 = Debug|Any CPU
		{7EC29772-FEE8-4948-A8DC-DB558D1ED4EC}.Release|Any CPU.ActiveCfg = Release|Any CPU
		{7EC29772-FEE8-4948-A8DC-DB558D1ED4EC}.Release|Any CPU.Build.0 = Release|Any CPU
		{7EC29772-FEE8-4948-A8DC-DB558D1ED4EC}.Release|x64.ActiveCfg = Release|Any CPU
		{7EC29772-FEE8-4948-A8DC-DB558D1ED4EC}.Release|x64.Build.0 = Release|Any CPU
		{7EC29772-FEE8-4948-A8DC-DB558D1ED4EC}.Release|x86.ActiveCfg = Release|Any CPU
		{7EC29772-FEE8-4948-A8DC-DB558D1ED4EC}.Release|x86.Build.0 = Release|Any CPU
		{1FEC8575-DC9F-46DB-A689-22A8C38D3579}.Debug|Any CPU.ActiveCfg = Debug|Any CPU
		{1FEC8575-DC9F-46DB-A689-22A8C38D3579}.Debug|Any CPU.Build.0 = Debug|Any CPU
		{1FEC8575-DC9F-46DB-A689-22A8C38D3579}.Debug|x64.ActiveCfg = Debug|Any CPU
		{1FEC8575-DC9F-46DB-A689-22A8C38D3579}.Debug|x64.Build.0 = Debug|Any CPU
		{1FEC8575-DC9F-46DB-A689-22A8C38D3579}.Debug|x86.ActiveCfg = Debug|Any CPU
		{1FEC8575-DC9F-46DB-A689-22A8C38D3579}.Debug|x86.Build.0 = Debug|Any CPU
		{1FEC8575-DC9F-46DB-A689-22A8C38D3579}.Release|Any CPU.ActiveCfg = Release|Any CPU
		{1FEC8575-DC9F-46DB-A689-22A8C38D3579}.Release|Any CPU.Build.0 = Release|Any CPU
		{1FEC8575-DC9F-46DB-A689-22A8C38D3579}.Release|x64.ActiveCfg = Release|Any CPU
		{1FEC8575-DC9F-46DB-A689-22A8C38D3579}.Release|x64.Build.0 = Release|Any CPU
		{1FEC8575-DC9F-46DB-A689-22A8C38D3579}.Release|x86.ActiveCfg = Release|Any CPU
		{1FEC8575-DC9F-46DB-A689-22A8C38D3579}.Release|x86.Build.0 = Release|Any CPU
		{67D6FD9E-73E9-40F2-804B-E1CF7BAE8577}.Debug|Any CPU.ActiveCfg = Debug|Any CPU
		{67D6FD9E-73E9-40F2-804B-E1CF7BAE8577}.Debug|Any CPU.Build.0 = Debug|Any CPU
		{67D6FD9E-73E9-40F2-804B-E1CF7BAE8577}.Debug|x64.ActiveCfg = Debug|Any CPU
		{67D6FD9E-73E9-40F2-804B-E1CF7BAE8577}.Debug|x64.Build.0 = Debug|Any CPU
		{67D6FD9E-73E9-40F2-804B-E1CF7BAE8577}.Debug|x86.ActiveCfg = Debug|Any CPU
		{67D6FD9E-73E9-40F2-804B-E1CF7BAE8577}.Debug|x86.Build.0 = Debug|Any CPU
		{67D6FD9E-73E9-40F2-804B-E1CF7BAE8577}.Release|Any CPU.ActiveCfg = Release|Any CPU
		{67D6FD9E-73E9-40F2-804B-E1CF7BAE8577}.Release|Any CPU.Build.0 = Release|Any CPU
		{67D6FD9E-73E9-40F2-804B-E1CF7BAE8577}.Release|x64.ActiveCfg = Release|Any CPU
		{67D6FD9E-73E9-40F2-804B-E1CF7BAE8577}.Release|x64.Build.0 = Release|Any CPU
		{67D6FD9E-73E9-40F2-804B-E1CF7BAE8577}.Release|x86.ActiveCfg = Release|Any CPU
		{67D6FD9E-73E9-40F2-804B-E1CF7BAE8577}.Release|x86.Build.0 = Release|Any CPU
	EndGlobalSection
	GlobalSection(SolutionProperties) = preSolution
		HideSolutionNode = FALSE
	EndGlobalSection
	GlobalSection(NestedProjects) = preSolution
		{984BB9B3-3FA3-BE33-9484-CAC21695A33C} = {827E0CD3-B72D-47B6-A68D-7590B98EB39B}
		{32AAED77-A074-9FC3-4987-2ADB1F972684} = {984BB9B3-3FA3-BE33-9484-CAC21695A33C}
		{D29D5E38-4F3E-4635-90F3-6E4BA9664CBA} = {32AAED77-A074-9FC3-4987-2ADB1F972684}
		{3524C3A5-E66F-A10F-90B3-076AB96407CE} = {984BB9B3-3FA3-BE33-9484-CAC21695A33C}
		{7EC29772-FEE8-4948-A8DC-DB558D1ED4EC} = {3524C3A5-E66F-A10F-90B3-076AB96407CE}
		{5B507712-3810-9028-8BC0-B14FC678DCAC} = {984BB9B3-3FA3-BE33-9484-CAC21695A33C}
		{1FEC8575-DC9F-46DB-A689-22A8C38D3579} = {5B507712-3810-9028-8BC0-B14FC678DCAC}
		{C8E42992-5E42-0C2B-DBFE-AA848D06431C} = {827E0CD3-B72D-47B6-A68D-7590B98EB39B}
		{08B98848-80E7-0116-D853-84675B4AED72} = {C8E42992-5E42-0C2B-DBFE-AA848D06431C}
		{67D6FD9E-73E9-40F2-804B-E1CF7BAE8577} = {08B98848-80E7-0116-D853-84675B4AED72}
	EndGlobalSection
EndGlobal
